{
  "name": "DiFaReli++_MajorRevision",
  "lockfileVersion": 3,
  "requires": true,
  "packages": {
    "": {
      "dependencies": {
        "jquery-csv": "^1.0.40"
      }
    },
    "node_modules/jquery-csv": {
      "version": "1.0.40",
      "resolved": "https://registry.npmjs.org/jquery-csv/-/jquery-csv-1.0.40.tgz",
      "integrity": "sha512-xkFGMm9I6A/PNoYlaAn5WAbNBCjk6Pwt0UUv6bkJ1ZGtEyJus4G9WwokDUX5h/a/1wHjJN70ue3C5Kx01+ms5A==",
      "license": "MIT"
    }
  }
}
